
Microsoft Visual Studio Solution File, Format Version 12.00
# Visual Studio Version 16
VisualStudioVersion = 16.0.30804.86
MinimumVisualStudioVersion = 10.0.40219.1
Project("{FAE04EC0-301F-11D3-BF4B-00C04F79EFBC}") = "CCPlayer", "CCPlayer\CCPlayer.csproj", "{329F84C2-CA76-4717-9FF7-E9EA4B3A6003}"
EndProject
Global
	GlobalSection(SolutionConfigurationPlatforms) = preSolution
		Debug|Any CPU = Debug|Any CPU
		Release|Any CPU = Release|Any CPU
	EndGlobalSection
	GlobalSection(ProjectConfigurationPlatforms) = postSolution
		{329F84C2-CA76-4717-9FF7-E9EA4B3A6003}.Debug|Any CPU.ActiveCfg = Debug|Any CPU
		{329F84C2-CA76-4717-9FF7-E9EA4B3A6003}.Debug|Any CPU.Build.0 = Debug|Any CPU
		{329F84C2-CA76-4717-9FF7-E9EA4B3A6003}.Release|Any CPU.ActiveCfg = Release|Any CPU
		{329F84C2-CA76-4717-9FF7-E9EA4B3A6003}.Release|Any CPU.Build.0 = Release|Any CPU
	EndGlobalSection
	GlobalSection(SolutionProperties) = preSolution
		HideSolutionNode = FALSE
	EndGlobalSection
	GlobalSection(ExtensibilityGlobals) = postSolution
		SolutionGuid = {7034086A-7E2B-4458-A2C5-9D0E50B0879C}
	EndGlobalSection
EndGlobal
